
Microsoft Visual Studio Solution File, Format Version 12.00
# Visual Studio Version 17
VisualStudioVersion = 17.0.31903.59
MinimumVisualStudioVersion = 10.0.40219.1
Project("{9A19103F-16F7-4668-BE54-9A1E7A4F7556}") = "Tyuiu.ChashkovTA.Sprint5.Task0.V23.Lib", "Tyuiu.ChashkovTA.Sprint5.Task0.V23.Lib\Tyuiu.ChashkovTA.Sprint5.Task0.V23.Lib.csproj", "{98C4838C-C00F-4CA9-8BD2-5DE52C24DF1F}"
EndProject
Project("{9A19103F-16F7-4668-BE54-9A1E7A4F7556}") = "Tyuiu.ChashkovTA.Sprint5.Task0.V23", "Tyuiu.ChashkovTA.Sprint5.Task0.V23\Tyuiu.ChashkovTA.Sprint5.Task0.V23.csproj", "{5A96A005-4385-48D2-9AD2-879821CDB812}"
EndProject
Project("{9A19103F-16F7-4668-BE54-9A1E7A4F7556}") = "Tyuiu.ChashkovTA.Sprint5.Task0.V23.Test", "Tyuiu.ChashkovTA.Sprint5.Task0.V23.Test\Tyuiu.ChashkovTA.Sprint5.Task0.V23.Test.csproj", "{D149136E-3EA1-461D-80C8-A8B88B3E55E0}"
EndProject
Project("{2150E333-8FDC-42A3-9474-1A3956D46DE8}") = "Task0", "Task0", "{B7A51689-D126-4B58-9D88-A5C868A52824}"
EndProject
Project("{9A19103F-16F7-4668-BE54-9A1E7A4F7556}") = "Tyuiu.ChashkovTA.Sprint5.Task1.V6.Lib", "Tyuiu.ChashkovTA.Sprint5.Task1.V6.Lib\Tyuiu.ChashkovTA.Sprint5.Task1.V6.Lib.csproj", "{0A550730-0317-4E2C-87F0-A7A69B2C5B72}"
EndProject
Project("{9A19103F-16F7-4668-BE54-9A1E7A4F7556}") = "Tyuiu.ChashkovTA.Sprint5.Task1.V6", "Tyuiu.ChashkovTA.Sprint5.Task1.V6\Tyuiu.ChashkovTA.Sprint5.Task1.V6.csproj", "{B207F60A-087D-423F-92F0-414C50A27443}"
EndProject
Project("{9A19103F-16F7-4668-BE54-9A1E7A4F7556}") = "Tyuiu.ChashkovTA.Sprint5.Task1.V6.Test", "Tyuiu.ChashkovTA.Sprint5.Task1.V6.Test\Tyuiu.ChashkovTA.Sprint5.Task1.V6.Test.csproj", "{8F8AC07F-90A6-4D5D-8AA8-4CC8C5F4615E}"
EndProject
Project("{2150E333-8FDC-42A3-9474-1A3956D46DE8}") = "Task1", "Task1", "{31D0FBFF-18F4-4ED1-B356-6F57894624ED}"
EndProject
Project("{9A19103F-16F7-4668-BE54-9A1E7A4F7556}") = "Tyuiu.ChashkovTA.Sprint5.Task2.V29.Lib", "Tyuiu.ChashkovTA.Sprint5.Task2.V29.Lib\Tyuiu.ChashkovTA.Sprint5.Task2.V29.Lib.csproj", "{7D38F9F9-2E41-450A-B8C9-31EEF280D529}"
EndProject
Project("{9A19103F-16F7-4668-BE54-9A1E7A4F7556}") = "Tyuiu.ChashkovTA.Sprint5.Task2.V29", "Tyuiu.ChashkovTA.Sprint5.Task2.V29\Tyuiu.ChashkovTA.Sprint5.Task2.V29.csproj", "{BF7A6C80-4237-4B08-A9F2-A8A5F3F56C9D}"
EndProject
Project("{9A19103F-16F7-4668-BE54-9A1E7A4F7556}") = "Tyuiu.ChashkovTA.Sprint5.Task2.V29.Test", "Tyuiu.ChashkovTA.Sprint5.Task2.V29.Test\Tyuiu.ChashkovTA.Sprint5.Task2.V29.Test.csproj", "{A087F6EA-1003-498D-8865-C0EB06BF97D8}"
EndProject
Project("{2150E333-8FDC-42A3-9474-1A3956D46DE8}") = "Task2", "Task2", "{556E5383-87B4-49A7-B287-758694A31ADF}"
EndProject
Project("{9A19103F-16F7-4668-BE54-9A1E7A4F7556}") = "Tyuiu.ChashkovTA.Sprint5.Task3.V25.Lib", "Tyuiu.ChashkovTA.Sprint5.Task3.V25.Lib\Tyuiu.ChashkovTA.Sprint5.Task3.V25.Lib.csproj", "{8399F7BF-6514-4D35-9BCB-2D5B47970748}"
EndProject
Project("{9A19103F-16F7-4668-BE54-9A1E7A4F7556}") = "Tyuiu.ChashkovTA.Sprint5.Task3.V25", "Tyuiu.ChashkovTA.Sprint5.Task3.V25\Tyuiu.ChashkovTA.Sprint5.Task3.V25.csproj", "{BF5D76DF-D5D2-4544-8A13-65B5E585B16A}"
EndProject
Project("{9A19103F-16F7-4668-BE54-9A1E7A4F7556}") = "Tyuiu.ChashkovTA.Sprint5.Task3.V25.Test", "Tyuiu.ChashkovTA.Sprint5.Task3.V25.Test\Tyuiu.ChashkovTA.Sprint5.Task3.V25.Test.csproj", "{6C4C0078-F421-4856-BAC1-213DCB562658}"
EndProject
Project("{2150E333-8FDC-42A3-9474-1A3956D46DE8}") = "Task3", "Task3", "{699CBE5A-FAD6-4821-94EC-D76B7DE59FB4}"
EndProject
Project("{9A19103F-16F7-4668-BE54-9A1E7A4F7556}") = "Tyuiu.ChashkovTA.Sprint5.Task4.V27.Lib", "Tyuiu.ChashkovTA.Sprint5.Task4.V27.Lib\Tyuiu.ChashkovTA.Sprint5.Task4.V27.Lib.csproj", "{B3159291-0467-4FD2-8E67-AA22E6C3010C}"
EndProject
Project("{9A19103F-16F7-4668-BE54-9A1E7A4F7556}") = "Tyuiu.ChashkovTA.Sprint5.Task4.V27", "Tyuiu.ChashkovTA.Sprint5.Task4.V27\Tyuiu.ChashkovTA.Sprint5.Task4.V27.csproj", "{C7C8A519-D449-4444-AA76-ED878E82CE34}"
EndProject
Project("{9A19103F-16F7-4668-BE54-9A1E7A4F7556}") = "Tyuiu.ChashkovTA.Sprint5.Task4.V27.Test", "Tyuiu.ChashkovTA.Sprint5.Task4.V27.Test\Tyuiu.ChashkovTA.Sprint5.Task4.V27.Test.csproj", "{B8A86593-6722-4BCD-8947-4A2AC732F107}"
EndProject
Project("{2150E333-8FDC-42A3-9474-1A3956D46DE8}") = "Task4", "Task4", "{DC11F453-3D6A-4AC8-87C9-216B8E7D7D71}"
EndProject
Project("{9A19103F-16F7-4668-BE54-9A1E7A4F7556}") = "Tyuiu.ChashkovTA.Sprint5.Task5.V16.Lib", "Tyuiu.ChashkovTA.Sprint5.Task5.V16.Lib\Tyuiu.ChashkovTA.Sprint5.Task5.V16.Lib.csproj", "{5D7DF25B-7DBA-4115-A529-32EE4845F1D3}"
EndProject
Project("{9A19103F-16F7-4668-BE54-9A1E7A4F7556}") = "Tyuiu.ChashkovTA.Sprint5.Task5.V16", "Tyuiu.ChashkovTA.Sprint5.Task5.V16\Tyuiu.ChashkovTA.Sprint5.Task5.V16.csproj", "{68CB4387-A558-4225-8150-E49D88DFC311}"
EndProject
Project("{9A19103F-16F7-4668-BE54-9A1E7A4F7556}") = "Tyuiu.ChashkovTA.Sprint5.Task5.V16.Test", "Tyuiu.ChashkovTA.Sprint5.Task5.V16.Test\Tyuiu.ChashkovTA.Sprint5.Task5.V16.Test.csproj", "{8446A44E-B719-4735-BCE8-7CC02E38740E}"
EndProject
Project("{2150E333-8FDC-42A3-9474-1A3956D46DE8}") = "Task5", "Task5", "{4D0F7229-326A-43B4-8418-FA168104BED7}"
EndProject
Project("{9A19103F-16F7-4668-BE54-9A1E7A4F7556}") = "Tyuiu.ChashkovTA.Sprint5.Task6.V20.Lib", "Tyuiu.ChashkovTA.Sprint5.Task6.V20.Lib\Tyuiu.ChashkovTA.Sprint5.Task6.V20.Lib.csproj", "{CFC5BCE0-42CF-4EA7-8E26-EED2E874ED55}"
EndProject
Project("{9A19103F-16F7-4668-BE54-9A1E7A4F7556}") = "Tyuiu.ChashkovTA.Sprint5.Task6.V20", "Tyuiu.ChashkovTA.Sprint5.Task6.V20\Tyuiu.ChashkovTA.Sprint5.Task6.V20.csproj", "{204124C9-5B63-4D70-8F74-1FE69B0B3204}"
EndProject
Project("{9A19103F-16F7-4668-BE54-9A1E7A4F7556}") = "Tyuiu.ChashkovTA.Sprint5.Task6.V20.Test", "Tyuiu.ChashkovTA.Sprint5.Task6.V20.Test\Tyuiu.ChashkovTA.Sprint5.Task6.V20.Test.csproj", "{A72E8304-AB4B-47D3-BB2D-38BC10F8752D}"
EndProject
Project("{2150E333-8FDC-42A3-9474-1A3956D46DE8}") = "Task6", "Task6", "{EA6A5C0E-4163-4F27-864B-85061F823C24}"
EndProject
Global
	GlobalSection(SolutionConfigurationPlatforms) = preSolution
		Debug|Any CPU = Debug|Any CPU
		Release|Any CPU = Release|Any CPU
	EndGlobalSection
	GlobalSection(ProjectConfigurationPlatforms) = postSolution
		{98C4838C-C00F-4CA9-8BD2-5DE52C24DF1F}.Debug|Any CPU.ActiveCfg = Debug|Any CPU
		{98C4838C-C00F-4CA9-8BD2-5DE52C24DF1F}.Debug|Any CPU.Build.0 = Debug|Any CPU
		{98C4838C-C00F-4CA9-8BD2-5DE52C24DF1F}.Release|Any CPU.ActiveCfg = Release|Any CPU
		{98C4838C-C00F-4CA9-8BD2-5DE52C24DF1F}.Release|Any CPU.Build.0 = Release|Any CPU
		{5A96A005-4385-48D2-9AD2-879821CDB812}.Debug|Any CPU.ActiveCfg = Debug|Any CPU
		{5A96A005-4385-48D2-9AD2-879821CDB812}.Debug|Any CPU.Build.0 = Debug|Any CPU
		{5A96A005-4385-48D2-9AD2-879821CDB812}.Release|Any CPU.ActiveCfg = Release|Any CPU
		{5A96A005-4385-48D2-9AD2-879821CDB812}.Release|Any CPU.Build.0 = Release|Any CPU
		{D149136E-3EA1-461D-80C8-A8B88B3E55E0}.Debug|Any CPU.ActiveCfg = Debug|Any CPU
		{D149136E-3EA1-461D-80C8-A8B88B3E55E0}.Debug|Any CPU.Build.0 = Debug|Any CPU
		{D149136E-3EA1-461D-80C8-A8B88B3E55E0}.Release|Any CPU.ActiveCfg = Release|Any CPU
		{D149136E-3EA1-461D-80C8-A8B88B3E55E0}.Release|Any CPU.Build.0 = Release|Any CPU
		{0A550730-0317-4E2C-87F0-A7A69B2C5B72}.Debug|Any CPU.ActiveCfg = Debug|Any CPU
		{0A550730-0317-4E2C-87F0-A7A69B2C5B72}.Debug|Any CPU.Build.0 = Debug|Any CPU
		{0A550730-0317-4E2C-87F0-A7A69B2C5B72}.Release|Any CPU.ActiveCfg = Release|Any CPU
		{0A550730-0317-4E2C-87F0-A7A69B2C5B72}.Release|Any CPU.Build.0 = Release|Any CPU
		{B207F60A-087D-423F-92F0-414C50A27443}.Debug|Any CPU.ActiveCfg = Debug|Any CPU
		{B207F60A-087D-423F-92F0-414C50A27443}.Debug|Any CPU.Build.0 = Debug|Any CPU
		{B207F60A-087D-423F-92F0-414C50A27443}.Release|Any CPU.ActiveCfg = Release|Any CPU
		{B207F60A-087D-423F-92F0-414C50A27443}.Release|Any CPU.Build.0 = Release|Any CPU
		{8F8AC07F-90A6-4D5D-8AA8-4CC8C5F4615E}.Debug|Any CPU.ActiveCfg = Debug|Any CPU
		{8F8AC07F-90A6-4D5D-8AA8-4CC8C5F4615E}.Debug|Any CPU.Build.0 = Debug|Any CPU
		{8F8AC07F-90A6-4D5D-8AA8-4CC8C5F4615E}.Release|Any CPU.ActiveCfg = Release|Any CPU
		{8F8AC07F-90A6-4D5D-8AA8-4CC8C5F4615E}.Release|Any CPU.Build.0 = Release|Any CPU
		{7D38F9F9-2E41-450A-B8C9-31EEF280D529}.Debug|Any CPU.ActiveCfg = Debug|Any CPU
		{7D38F9F9-2E41-450A-B8C9-31EEF280D529}.Debug|Any CPU.Build.0 = Debug|Any CPU
		{7D38F9F9-2E41-450A-B8C9-31EEF280D529}.Release|Any CPU.ActiveCfg = Release|Any CPU
		{7D38F9F9-2E41-450A-B8C9-31EEF280D529}.Release|Any CPU.Build.0 = Release|Any CPU
		{BF7A6C80-4237-4B08-A9F2-A8A5F3F56C9D}.Debug|Any CPU.ActiveCfg = Debug|Any CPU
		{BF7A6C80-4237-4B08-A9F2-A8A5F3F56C9D}.Debug|Any CPU.Build.0 = Debug|Any CPU
		{BF7A6C80-4237-4B08-A9F2-A8A5F3F56C9D}.Release|Any CPU.ActiveCfg = Release|Any CPU
		{BF7A6C80-4237-4B08-A9F2-A8A5F3F56C9D}.Release|Any CPU.Build.0 = Release|Any CPU
		{A087F6EA-1003-498D-8865-C0EB06BF97D8}.Debug|Any CPU.ActiveCfg = Debug|Any CPU
		{A087F6EA-1003-498D-8865-C0EB06BF97D8}.Debug|Any CPU.Build.0 = Debug|Any CPU
		{A087F6EA-1003-498D-8865-C0EB06BF97D8}.Release|Any CPU.ActiveCfg = Release|Any CPU
		{A087F6EA-1003-498D-8865-C0EB06BF97D8}.Release|Any CPU.Build.0 = Release|Any CPU
		{8399F7BF-6514-4D35-9BCB-2D5B47970748}.Debug|Any CPU.ActiveCfg = Debug|Any CPU
		{8399F7BF-6514-4D35-9BCB-2D5B47970748}.Debug|Any CPU.Build.0 = Debug|Any CPU
		{8399F7BF-6514-4D35-9BCB-2D5B47970748}.Release|Any CPU.ActiveCfg = Release|Any CPU
		{8399F7BF-6514-4D35-9BCB-2D5B47970748}.Release|Any CPU.Build.0 = Release|Any CPU
		{BF5D76DF-D5D2-4544-8A13-65B5E585B16A}.Debug|Any CPU.ActiveCfg = Debug|Any CPU
		{BF5D76DF-D5D2-4544-8A13-65B5E585B16A}.Debug|Any CPU.Build.0 = Debug|Any CPU
		{BF5D76DF-D5D2-4544-8A13-65B5E585B16A}.Release|Any CPU.ActiveCfg = Release|Any CPU
		{BF5D76DF-D5D2-4544-8A13-65B5E585B16A}.Release|Any CPU.Build.0 = Release|Any CPU
		{6C4C0078-F421-4856-BAC1-213DCB562658}.Debug|Any CPU.ActiveCfg = Debug|Any CPU
		{6C4C0078-F421-4856-BAC1-213DCB562658}.Debug|Any CPU.Build.0 = Debug|Any CPU
		{6C4C0078-F421-4856-BAC1-213DCB562658}.Release|Any CPU.ActiveCfg = Release|Any CPU
		{6C4C0078-F421-4856-BAC1-213DCB562658}.Release|Any CPU.Build.0 = Release|Any CPU
		{B3159291-0467-4FD2-8E67-AA22E6C3010C}.Debug|Any CPU.ActiveCfg = Debug|Any CPU
		{B3159291-0467-4FD2-8E67-AA22E6C3010C}.Debug|Any CPU.Build.0 = Debug|Any CPU
		{B3159291-0467-4FD2-8E67-AA22E6C3010C}.Release|Any CPU.ActiveCfg = Release|Any CPU
		{B3159291-0467-4FD2-8E67-AA22E6C3010C}.Release|Any CPU.Build.0 = Release|Any CPU
		{C7C8A519-D449-4444-AA76-ED878E82CE34}.Debug|Any CPU.ActiveCfg = Debug|Any CPU
		{C7C8A519-D449-4444-AA76-ED878E82CE34}.Debug|Any CPU.Build.0 = Debug|Any CPU
		{C7C8A519-D449-4444-AA76-ED878E82CE34}.Release|Any CPU.ActiveCfg = Release|Any CPU
		{C7C8A519-D449-4444-AA76-ED878E82CE34}.Release|Any CPU.Build.0 = Release|Any CPU
		{B8A86593-6722-4BCD-8947-4A2AC732F107}.Debug|Any CPU.ActiveCfg = Debug|Any CPU
		{B8A86593-6722-4BCD-8947-4A2AC732F107}.Debug|Any CPU.Build.0 = Debug|Any CPU
		{B8A86593-6722-4BCD-8947-4A2AC732F107}.Release|Any CPU.ActiveCfg = Release|Any CPU
		{B8A86593-6722-4BCD-8947-4A2AC732F107}.Release|Any CPU.Build.0 = Release|Any CPU
		{5D7DF25B-7DBA-4115-A529-32EE4845F1D3}.Debug|Any CPU.ActiveCfg = Debug|Any CPU
		{5D7DF25B-7DBA-4115-A529-32EE4845F1D3}.Debug|Any CPU.Build.0 = Debug|Any CPU
		{5D7DF25B-7DBA-4115-A529-32EE4845F1D3}.Release|Any CPU.ActiveCfg = Release|Any CPU
		{5D7DF25B-7DBA-4115-A529-32EE4845F1D3}.Release|Any CPU.Build.0 = Release|Any CPU
		{68CB4387-A558-4225-8150-E49D88DFC311}.Debug|Any CPU.ActiveCfg = Debug|Any CPU
		{68CB4387-A558-4225-8150-E49D88DFC311}.Debug|Any CPU.Build.0 = Debug|Any CPU
		{68CB4387-A558-4225-8150-E49D88DFC311}.Release|Any CPU.ActiveCfg = Release|Any CPU
		{68CB4387-A558-4225-8150-E49D88DFC311}.Release|Any CPU.Build.0 = Release|Any CPU
		{8446A44E-B719-4735-BCE8-7CC02E38740E}.Debug|Any CPU.ActiveCfg = Debug|Any CPU
		{8446A44E-B719-4735-BCE8-7CC02E38740E}.Debug|Any CPU.Build.0 = Debug|Any CPU
		{8446A44E-B719-4735-BCE8-7CC02E38740E}.Release|Any CPU.ActiveCfg = Release|Any CPU
		{8446A44E-B719-4735-BCE8-7CC02E38740E}.Release|Any CPU.Build.0 = Release|Any CPU
		{CFC5BCE0-42CF-4EA7-8E26-EED2E874ED55}.Debug|Any CPU.ActiveCfg = Debug|Any CPU
		{CFC5BCE0-42CF-4EA7-8E26-EED2E874ED55}.Debug|Any CPU.Build.0 = Debug|Any CPU
		{CFC5BCE0-42CF-4EA7-8E26-EED2E874ED55}.Release|Any CPU.ActiveCfg = Release|Any CPU
		{CFC5BCE0-42CF-4EA7-8E26-EED2E874ED55}.Release|Any CPU.Build.0 = Release|Any CPU
		{204124C9-5B63-4D70-8F74-1FE69B0B3204}.Debug|Any CPU.ActiveCfg = Debug|Any CPU
		{204124C9-5B63-4D70-8F74-1FE69B0B3204}.Debug|Any CPU.Build.0 = Debug|Any CPU
		{204124C9-5B63-4D70-8F74-1FE69B0B3204}.Release|Any CPU.ActiveCfg = Release|Any CPU
		{204124C9-5B63-4D70-8F74-1FE69B0B3204}.Release|Any CPU.Build.0 = Release|Any CPU
		{A72E8304-AB4B-47D3-BB2D-38BC10F8752D}.Debug|Any CPU.ActiveCfg = Debug|Any CPU
		{A72E8304-AB4B-47D3-BB2D-38BC10F8752D}.Debug|Any CPU.Build.0 = Debug|Any CPU
		{A72E8304-AB4B-47D3-BB2D-38BC10F8752D}.Release|Any CPU.ActiveCfg = Release|Any CPU
		{A72E8304-AB4B-47D3-BB2D-38BC10F8752D}.Release|Any CPU.Build.0 = Release|Any CPU
	EndGlobalSection
	GlobalSection(SolutionProperties) = preSolution
		HideSolutionNode = FALSE
	EndGlobalSection
	GlobalSection(NestedProjects) = preSolution
		{98C4838C-C00F-4CA9-8BD2-5DE52C24DF1F} = {B7A51689-D126-4B58-9D88-A5C868A52824}
		{5A96A005-4385-48D2-9AD2-879821CDB812} = {B7A51689-D126-4B58-9D88-A5C868A52824}
		{D149136E-3EA1-461D-80C8-A8B88B3E55E0} = {B7A51689-D126-4B58-9D88-A5C868A52824}
		{0A550730-0317-4E2C-87F0-A7A69B2C5B72} = {31D0FBFF-18F4-4ED1-B356-6F57894624ED}
		{B207F60A-087D-423F-92F0-414C50A27443} = {31D0FBFF-18F4-4ED1-B356-6F57894624ED}
		{8F8AC07F-90A6-4D5D-8AA8-4CC8C5F4615E} = {31D0FBFF-18F4-4ED1-B356-6F57894624ED}
		{7D38F9F9-2E41-450A-B8C9-31EEF280D529} = {556E5383-87B4-49A7-B287-758694A31ADF}
		{BF7A6C80-4237-4B08-A9F2-A8A5F3F56C9D} = {556E5383-87B4-49A7-B287-758694A31ADF}
		{A087F6EA-1003-498D-8865-C0EB06BF97D8} = {556E5383-87B4-49A7-B287-758694A31ADF}
		{8399F7BF-6514-4D35-9BCB-2D5B47970748} = {699CBE5A-FAD6-4821-94EC-D76B7DE59FB4}
		{BF5D76DF-D5D2-4544-8A13-65B5E585B16A} = {699CBE5A-FAD6-4821-94EC-D76B7DE59FB4}
		{6C4C0078-F421-4856-BAC1-213DCB562658} = {699CBE5A-FAD6-4821-94EC-D76B7DE59FB4}
		{B3159291-0467-4FD2-8E67-AA22E6C3010C} = {DC11F453-3D6A-4AC8-87C9-216B8E7D7D71}
		{C7C8A519-D449-4444-AA76-ED878E82CE34} = {DC11F453-3D6A-4AC8-87C9-216B8E7D7D71}
		{B8A86593-6722-4BCD-8947-4A2AC732F107} = {DC11F453-3D6A-4AC8-87C9-216B8E7D7D71}
		{5D7DF25B-7DBA-4115-A529-32EE4845F1D3} = {4D0F7229-326A-43B4-8418-FA168104BED7}
		{68CB4387-A558-4225-8150-E49D88DFC311} = {4D0F7229-326A-43B4-8418-FA168104BED7}
		{8446A44E-B719-4735-BCE8-7CC02E38740E} = {4D0F7229-326A-43B4-8418-FA168104BED7}
		{CFC5BCE0-42CF-4EA7-8E26-EED2E874ED55} = {EA6A5C0E-4163-4F27-864B-85061F823C24}
		{204124C9-5B63-4D70-8F74-1FE69B0B3204} = {EA6A5C0E-4163-4F27-864B-85061F823C24}
		{A72E8304-AB4B-47D3-BB2D-38BC10F8752D} = {EA6A5C0E-4163-4F27-864B-85061F823C24}
	EndGlobalSection
	GlobalSection(ExtensibilityGlobals) = postSolution
		SolutionGuid = {874380C3-19D8-4AED-915C-4FE4987ED791}
	EndGlobalSection
EndGlobal
