
Microsoft Visual Studio Solution File, Format Version 12.00
# Visual Studio Version 17
VisualStudioVersion = 17.0.31903.59
MinimumVisualStudioVersion = 10.0.40219.1
Project("{9A19103F-16F7-4668-BE54-9A1E7A4F7556}") = "Tyuiu.ChashkovTA.Sprint5.Task0.V23.Lib", "Tyuiu.ChashkovTA.Sprint5.Task0.V23.Lib\Tyuiu.ChashkovTA.Sprint5.Task0.V23.Lib.csproj", "{98C4838C-C00F-4CA9-8BD2-5DE52C24DF1F}"
EndProject
Project("{9A19103F-16F7-4668-BE54-9A1E7A4F7556}") = "Tyuiu.ChashkovTA.Sprint5.Task0.V23", "Tyuiu.ChashkovTA.Sprint5.Task0.V23\Tyuiu.ChashkovTA.Sprint5.Task0.V23.csproj", "{5A96A005-4385-48D2-9AD2-879821CDB812}"
EndProject
Project("{9A19103F-16F7-4668-BE54-9A1E7A4F7556}") = "Tyuiu.ChashkovTA.Sprint5.Task0.V23.Test", "Tyuiu.ChashkovTA.Sprint5.Task0.V23.Test\Tyuiu.ChashkovTA.Sprint5.Task0.V23.Test.csproj", "{D149136E-3EA1-461D-80C8-A8B88B3E55E0}"
EndProject
Project("{2150E333-8FDC-42A3-9474-1A3956D46DE8}") = "Task0", "Task0", "{B7A51689-D126-4B58-9D88-A5C868A52824}"
EndProject
Project("{9A19103F-16F7-4668-BE54-9A1E7A4F7556}") = "Tyuiu.ChashkovTA.Sprint5.Task1.V6.Lib", "Tyuiu.ChashkovTA.Sprint5.Task1.V6.Lib\Tyuiu.ChashkovTA.Sprint5.Task1.V6.Lib.csproj", "{0A550730-0317-4E2C-87F0-A7A69B2C5B72}"
EndProject
Project("{9A19103F-16F7-4668-BE54-9A1E7A4F7556}") = "Tyuiu.ChashkovTA.Sprint5.Task1.V6", "Tyuiu.ChashkovTA.Sprint5.Task1.V6\Tyuiu.ChashkovTA.Sprint5.Task1.V6.csproj", "{B207F60A-087D-423F-92F0-414C50A27443}"
EndProject
Project("{9A19103F-16F7-4668-BE54-9A1E7A4F7556}") = "Tyuiu.ChashkovTA.Sprint5.Task1.V6.Test", "Tyuiu.ChashkovTA.Sprint5.Task1.V6.Test\Tyuiu.ChashkovTA.Sprint5.Task1.V6.Test.csproj", "{8F8AC07F-90A6-4D5D-8AA8-4CC8C5F4615E}"
EndProject
Project("{2150E333-8FDC-42A3-9474-1A3956D46DE8}") = "Task1", "Task1", "{31D0FBFF-18F4-4ED1-B356-6F57894624ED}"
EndProject
Global
	GlobalSection(SolutionConfigurationPlatforms) = preSolution
		Debug|Any CPU = Debug|Any CPU
		Release|Any CPU = Release|Any CPU
	EndGlobalSection
	GlobalSection(ProjectConfigurationPlatforms) = postSolution
		{98C4838C-C00F-4CA9-8BD2-5DE52C24DF1F}.Debug|Any CPU.ActiveCfg = Debug|Any CPU
		{98C4838C-C00F-4CA9-8BD2-5DE52C24DF1F}.Debug|Any CPU.Build.0 = Debug|Any CPU
		{98C4838C-C00F-4CA9-8BD2-5DE52C24DF1F}.Release|Any CPU.ActiveCfg = Release|Any CPU
		{98C4838C-C00F-4CA9-8BD2-5DE52C24DF1F}.Release|Any CPU.Build.0 = Release|Any CPU
		{5A96A005-4385-48D2-9AD2-879821CDB812}.Debug|Any CPU.ActiveCfg = Debug|Any CPU
		{5A96A005-4385-48D2-9AD2-879821CDB812}.Debug|Any CPU.Build.0 = Debug|Any CPU
		{5A96A005-4385-48D2-9AD2-879821CDB812}.Release|Any CPU.ActiveCfg = Release|Any CPU
		{5A96A005-4385-48D2-9AD2-879821CDB812}.Release|Any CPU.Build.0 = Release|Any CPU
		{D149136E-3EA1-461D-80C8-A8B88B3E55E0}.Debug|Any CPU.ActiveCfg = Debug|Any CPU
		{D149136E-3EA1-461D-80C8-A8B88B3E55E0}.Debug|Any CPU.Build.0 = Debug|Any CPU
		{D149136E-3EA1-461D-80C8-A8B88B3E55E0}.Release|Any CPU.ActiveCfg = Release|Any CPU
		{D149136E-3EA1-461D-80C8-A8B88B3E55E0}.Release|Any CPU.Build.0 = Release|Any CPU
		{0A550730-0317-4E2C-87F0-A7A69B2C5B72}.Debug|Any CPU.ActiveCfg = Debug|Any CPU
		{0A550730-0317-4E2C-87F0-A7A69B2C5B72}.Debug|Any CPU.Build.0 = Debug|Any CPU
		{0A550730-0317-4E2C-87F0-A7A69B2C5B72}.Release|Any CPU.ActiveCfg = Release|Any CPU
		{0A550730-0317-4E2C-87F0-A7A69B2C5B72}.Release|Any CPU.Build.0 = Release|Any CPU
		{B207F60A-087D-423F-92F0-414C50A27443}.Debug|Any CPU.ActiveCfg = Debug|Any CPU
		{B207F60A-087D-423F-92F0-414C50A27443}.Debug|Any CPU.Build.0 = Debug|Any CPU
		{B207F60A-087D-423F-92F0-414C50A27443}.Release|Any CPU.ActiveCfg = Release|Any CPU
		{B207F60A-087D-423F-92F0-414C50A27443}.Release|Any CPU.Build.0 = Release|Any CPU
		{8F8AC07F-90A6-4D5D-8AA8-4CC8C5F4615E}.Debug|Any CPU.ActiveCfg = Debug|Any CPU
		{8F8AC07F-90A6-4D5D-8AA8-4CC8C5F4615E}.Debug|Any CPU.Build.0 = Debug|Any CPU
		{8F8AC07F-90A6-4D5D-8AA8-4CC8C5F4615E}.Release|Any CPU.ActiveCfg = Release|Any CPU
		{8F8AC07F-90A6-4D5D-8AA8-4CC8C5F4615E}.Release|Any CPU.Build.0 = Release|Any CPU
	EndGlobalSection
	GlobalSection(SolutionProperties) = preSolution
		HideSolutionNode = FALSE
	EndGlobalSection
	GlobalSection(NestedProjects) = preSolution
		{98C4838C-C00F-4CA9-8BD2-5DE52C24DF1F} = {B7A51689-D126-4B58-9D88-A5C868A52824}
		{5A96A005-4385-48D2-9AD2-879821CDB812} = {B7A51689-D126-4B58-9D88-A5C868A52824}
		{D149136E-3EA1-461D-80C8-A8B88B3E55E0} = {B7A51689-D126-4B58-9D88-A5C868A52824}
		{0A550730-0317-4E2C-87F0-A7A69B2C5B72} = {31D0FBFF-18F4-4ED1-B356-6F57894624ED}
		{B207F60A-087D-423F-92F0-414C50A27443} = {31D0FBFF-18F4-4ED1-B356-6F57894624ED}
		{8F8AC07F-90A6-4D5D-8AA8-4CC8C5F4615E} = {31D0FBFF-18F4-4ED1-B356-6F57894624ED}
	EndGlobalSection
EndGlobal
